// !$*UTF8*$!
{
	archiveVersion = 1;
	classes = {
	};
	objectVersion = 46;
	objects = {

/* Begin PBXBuildFile section */
		A15525FE1C64F7E0002E3CE9 /* AppDelegate.swift in Sources */ = {isa = PBXBuildFile; fileRef = A15525FD1C64F7E0002E3CE9 /* AppDelegate.swift */; };
		A15526001C64F7E0002E3CE9 /* InterestSelectionViewController.swift in Sources */ = {isa = PBXBuildFile; fileRef = A15525FF1C64F7E0002E3CE9 /* InterestSelectionViewController.swift */; };
		A15526031C64F7E0002E3CE9 /* Main.storyboard in Resources */ = {isa = PBXBuildFile; fileRef = A15526011C64F7E0002E3CE9 /* Main.storyboard */; };
		A15526051C64F7E0002E3CE9 /* Assets.xcassets in Resources */ = {isa = PBXBuildFile; fileRef = A15526041C64F7E0002E3CE9 /* Assets.xcassets */; };
		A15526081C64F7E0002E3CE9 /* LaunchScreen.storyboard in Resources */ = {isa = PBXBuildFile; fileRef = A15526061C64F7E0002E3CE9 /* LaunchScreen.storyboard */; };
		A15526101C64FC27002E3CE9 /* Interest.swift in Sources */ = {isa = PBXBuildFile; fileRef = A155260F1C64FC27002E3CE9 /* Interest.swift */; };
		A15526121C64FD32002E3CE9 /* InterestService.swift in Sources */ = {isa = PBXBuildFile; fileRef = A15526111C64FD32002E3CE9 /* InterestService.swift */; };
		A15526151C64FEAE002E3CE9 /* JSON.swift in Sources */ = {isa = PBXBuildFile; fileRef = A15526131C64FEAE002E3CE9 /* JSON.swift */; };
		A15526161C64FEAE002E3CE9 /* JSON+Extras.swift in Sources */ = {isa = PBXBuildFile; fileRef = A15526141C64FEAE002E3CE9 /* JSON+Extras.swift */; };
		A15526181C650459002E3CE9 /* InterestCollectionViewCell.swift in Sources */ = {isa = PBXBuildFile; fileRef = A15526171C650459002E3CE9 /* InterestCollectionViewCell.swift */; };
		A155261A1C6569A1002E3CE9 /* Extensions.swift in Sources */ = {isa = PBXBuildFile; fileRef = A15526191C6569A1002E3CE9 /* Extensions.swift */; };
/* End PBXBuildFile section */

/* Begin PBXFileReference section */
		A15525FA1C64F7E0002E3CE9 /* InterestsCollectionViewDemo.app */ = {isa = PBXFileReference; explicitFileType = wrapper.application; includeInIndex = 0; path = InterestsCollectionViewDemo.app; sourceTree = BUILT_PRODUCTS_DIR; };
		A15525FD1C64F7E0002E3CE9 /* AppDelegate.swift */ = {isa = PBXFileReference; lastKnownFileType = sourcecode.swift; path = AppDelegate.swift; sourceTree = "<group>"; };
		A15525FF1C64F7E0002E3CE9 /* InterestSelectionViewController.swift */ = {isa = PBXFileReference; lastKnownFileType = sourcecode.swift; path = InterestSelectionViewController.swift; sourceTree = "<group>"; };
		A15526021C64F7E0002E3CE9 /* Base */ = {isa = PBXFileReference; lastKnownFileType = file.storyboard; name = Base; path = Base.lproj/Main.storyboard; sourceTree = "<group>"; };
		A15526041C64F7E0002E3CE9 /* Assets.xcassets */ = {isa = PBXFileReference; lastKnownFileType = folder.assetcatalog; path = Assets.xcassets; sourceTree = "<group>"; };
		A15526071C64F7E0002E3CE9 /* Base */ = {isa = PBXFileReference; lastKnownFileType = file.storyboard; name = Base; path = Base.lproj/LaunchScreen.storyboard; sourceTree = "<group>"; };
		A15526091C64F7E0002E3CE9 /* Info.plist */ = {isa = PBXFileReference; lastKnownFileType = text.plist.xml; path = Info.plist; sourceTree = "<group>"; };
		A155260F1C64FC27002E3CE9 /* Interest.swift */ = {isa = PBXFileReference; fileEncoding = 4; lastKnownFileType = sourcecode.swift; path = Interest.swift; sourceTree = "<group>"; };
		A15526111C64FD32002E3CE9 /* InterestService.swift */ = {isa = PBXFileReference; fileEncoding = 4; lastKnownFileType = sourcecode.swift; path = InterestService.swift; sourceTree = "<group>"; };
		A15526131C64FEAE002E3CE9 /* JSON.swift */ = {isa = PBXFileReference; fileEncoding = 4; lastKnownFileType = sourcecode.swift; path = JSON.swift; sourceTree = "<group>"; };
		A15526141C64FEAE002E3CE9 /* JSON+Extras.swift */ = {isa = PBXFileReference; fileEncoding = 4; lastKnownFileType = sourcecode.swift; path = "JSON+Extras.swift"; sourceTree = "<group>"; };
		A15526171C650459002E3CE9 /* InterestCollectionViewCell.swift */ = {isa = PBXFileReference; fileEncoding = 4; lastKnownFileType = sourcecode.swift; path = InterestCollectionViewCell.swift; sourceTree = "<group>"; };
		A15526191C6569A1002E3CE9 /* Extensions.swift */ = {isa = PBXFileReference; fileEncoding = 4; lastKnownFileType = sourcecode.swift; path = Extensions.swift; sourceTree = "<group>"; };
/* End PBXFileReference section */

/* Begin PBXFrameworksBuildPhase section */
		A15525F71C64F7E0002E3CE9 /* Frameworks */ = {
			isa = PBXFrameworksBuildPhase;
			buildActionMask = 2147483647;
			files = (
			);
			runOnlyForDeploymentPostprocessing = 0;
		};
/* End PBXFrameworksBuildPhase section */

/* Begin PBXGroup section */
		A15525F11C64F7E0002E3CE9 = {
			isa = PBXGroup;
			children = (
				A15525FC1C64F7E0002E3CE9 /* InterestsCollectionViewDemo */,
				A15525FB1C64F7E0002E3CE9 /* Products */,
			);
			sourceTree = "<group>";
		};
		A15525FB1C64F7E0002E3CE9 /* Products */ = {
			isa = PBXGroup;
			children = (
				A15525FA1C64F7E0002E3CE9 /* InterestsCollectionViewDemo.app */,
			);
			name = Products;
			sourceTree = "<group>";
		};
		A15525FC1C64F7E0002E3CE9 /* InterestsCollectionViewDemo */ = {
			isa = PBXGroup;
			children = (
				A15525FD1C64F7E0002E3CE9 /* AppDelegate.swift */,
				A15526111C64FD32002E3CE9 /* InterestService.swift */,
				A15525FF1C64F7E0002E3CE9 /* InterestSelectionViewController.swift */,
				A15526171C650459002E3CE9 /* InterestCollectionViewCell.swift */,
				A155260F1C64FC27002E3CE9 /* Interest.swift */,
				A15526191C6569A1002E3CE9 /* Extensions.swift */,
				A15526011C64F7E0002E3CE9 /* Main.storyboard */,
				A15526041C64F7E0002E3CE9 /* Assets.xcassets */,
				A15526061C64F7E0002E3CE9 /* LaunchScreen.storyboard */,
				A15526131C64FEAE002E3CE9 /* JSON.swift */,
				A15526141C64FEAE002E3CE9 /* JSON+Extras.swift */,
				A15526091C64F7E0002E3CE9 /* Info.plist */,
			);
			path = InterestsCollectionViewDemo;
			sourceTree = "<group>";
		};
/* End PBXGroup section */

/* Begin PBXNativeTarget section */
		A15525F91C64F7E0002E3CE9 /* InterestsCollectionViewDemo */ = {
			isa = PBXNativeTarget;
			buildConfigurationList = A155260C1C64F7E0002E3CE9 /* Build configuration list for PBXNativeTarget "InterestsCollectionViewDemo" */;
			buildPhases = (
				A15525F61C64F7E0002E3CE9 /* Sources */,
				A15525F71C64F7E0002E3CE9 /* Frameworks */,
				A15525F81C64F7E0002E3CE9 /* Resources */,
			);
			buildRules = (
			);
			dependencies = (
			);
			name = InterestsCollectionViewDemo;
			productName = InterestsCollectionViewDemo;
			productReference = A15525FA1C64F7E0002E3CE9 /* InterestsCollectionViewDemo.app */;
			productType = "com.apple.product-type.application";
		};
/* End PBXNativeTarget section */

/* Begin PBXProject section */
		A15525F21C64F7E0002E3CE9 /* Project object */ = {
			isa = PBXProject;
			attributes = {
				LastSwiftUpdateCheck = 0720;
				LastUpgradeCheck = 0720;
				ORGANIZATIONNAME = AppsByPJ;
				TargetAttributes = {
					A15525F91C64F7E0002E3CE9 = {
						CreatedOnToolsVersion = 7.2;
					};
				};
			};
			buildConfigurationList = A15525F51C64F7E0002E3CE9 /* Build configuration list for PBXProject "InterestsCollectionViewDemo" */;
			compatibilityVersion = "Xcode 3.2";
			developmentRegion = English;
			hasScannedForEncodings = 0;
			knownRegions = (
				en,
				Base,
			);
			mainGroup = A15525F11C64F7E0002E3CE9;
			productRefGroup = A15525FB1C64F7E0002E3CE9 /* Products */;
			projectDirPath = "";
			projectRoot = "";
			targets = (
				A15525F91C64F7E0002E3CE9 /* InterestsCollectionViewDemo */,
			);
		};
/* End PBXProject section */

/* Begin PBXResourcesBuildPhase section */
		A15525F81C64F7E0002E3CE9 /* Resources */ = {
			isa = PBXResourcesBuildPhase;
			buildActionMask = 2147483647;
			files = (
				A15526081C64F7E0002E3CE9 /* LaunchScreen.storyboard in Resources */,
				A15526051C64F7E0002E3CE9 /* Assets.xcassets in Resources */,
				A15526031C64F7E0002E3CE9 /* Main.storyboard in Resources */,
			);
			runOnlyForDeploymentPostprocessing = 0;
		};
/* End PBXResourcesBuildPhase section */

/* Begin PBXSourcesBuildPhase section */
		A15525F61C64F7E0002E3CE9 /* Sources */ = {
			isa = PBXSourcesBuildPhase;
			buildActionMask = 2147483647;
			files = (
				A15526101C64FC27002E3CE9 /* Interest.swift in Sources */,
				A15526181C650459002E3CE9 /* InterestCollectionViewCell.swift in Sources */,
				A15526151C64FEAE002E3CE9 /* JSON.swift in Sources */,
				A155261A1C6569A1002E3CE9 /* Extensions.swift in Sources */,
				A15526001C64F7E0002E3CE9 /* InterestSelectionViewController.swift in Sources */,
				A15525FE1C64F7E0002E3CE9 /* AppDelegate.swift in Sources */,
				A15526161C64FEAE002E3CE9 /* JSON+Extras.swift in Sources */,
				A15526121C64FD32002E3CE9 /* InterestService.swift in Sources */,
			);
			runOnlyForDeploymentPostprocessing = 0;
		};
/* End PBXSourcesBuildPhase section */

/* Begin PBXVariantGroup section */
		A15526011C64F7E0002E3CE9 /* Main.storyboard */ = {
			isa = PBXVariantGroup;
			children = (
				A15526021C64F7E0002E3CE9 /* Base */,
			);
			name = Main.storyboard;
			sourceTree = "<group>";
		};
		A15526061C64F7E0002E3CE9 /* LaunchScreen.storyboard */ = {
			isa = PBXVariantGroup;
			children = (
				A15526071C64F7E0002E3CE9 /* Base */,
			);
			name = LaunchScreen.storyboard;
			sourceTree = "<group>";
		};
/* End PBXVariantGroup section */

/* Begin XCBuildConfiguration section */
		A155260A1C64F7E0002E3CE9 /* Debug */ = {
			isa = XCBuildConfiguration;
			buildSettings = {
				ALWAYS_SEARCH_USER_PATHS = NO;
				CLANG_CXX_LANGUAGE_STANDARD = "gnu++0x";
				CLANG_CXX_LIBRARY = "libc++";
				CLANG_ENABLE_MODULES = YES;
				CLANG_ENABLE_OBJC_ARC = YES;
				CLANG_WARN_BOOL_CONVERSION = YES;
				CLANG_WARN_CONSTANT_CONVERSION = YES;
				CLANG_WARN_DIRECT_OBJC_ISA_USAGE = YES_ERROR;
				CLANG_WARN_EMPTY_BODY = YES;
				CLANG_WARN_ENUM_CONVERSION = YES;
				CLANG_WARN_INT_CONVERSION = YES;
				CLANG_WARN_OBJC_ROOT_CLASS = YES_ERROR;
				CLANG_WARN_UNREACHABLE_CODE = YES;
				CLANG_WARN__DUPLICATE_METHOD_MATCH = YES;
				"CODE_SIGN_IDENTITY[sdk=iphoneos*]" = "iPhone Developer";
				COPY_PHASE_STRIP = NO;
				DEBUG_INFORMATION_FORMAT = dwarf;
				ENABLE_STRICT_OBJC_MSGSEND = YES;
				ENABLE_TESTABILITY = YES;
				GCC_C_LANGUAGE_STANDARD = gnu99;
				GCC_DYNAMIC_NO_PIC = NO;
				GCC_NO_COMMON_BLOCKS = YES;
				GCC_OPTIMIZATION_LEVEL = 0;
				GCC_PREPROCESSOR_DEFINITIONS = (
					"DEBUG=1",
					"$(inherited)",
				);
				GCC_WARN_64_TO_32_BIT_CONVERSION = YES;
				GCC_WARN_ABOUT_RETURN_TYPE = YES_ERROR;
				GCC_WARN_UNDECLARED_SELECTOR = YES;
				GCC_WARN_UNINITIALIZED_AUTOS = YES_AGGRESSIVE;
				GCC_WARN_UNUSED_FUNCTION = YES;
				GCC_WARN_UNUSED_VARIABLE = YES;
				IPHONEOS_DEPLOYMENT_TARGET = 9.2;
				MTL_ENABLE_DEBUG_INFO = YES;
				ONLY_ACTIVE_ARCH = YES;
				SDKROOT = iphoneos;
				SWIFT_OPTIMIZATION_LEVEL = "-Onone";
			};
			name = Debug;
		};
		A155260B1C64F7E0002E3CE9 /* Release */ = {
			isa = XCBuildConfiguration;
			buildSettings = {
				ALWAYS_SEARCH_USER_PATHS = NO;
				CLANG_CXX_LANGUAGE_STANDARD = "gnu++0x";
				CLANG_CXX_LIBRARY = "libc++";
				CLANG_ENABLE_MODULES = YES;
				CLANG_ENABLE_OBJC_ARC = YES;
				CLANG_WARN_BOOL_CONVERSION = YES;
				CLANG_WARN_CONSTANT_CONVERSION = YES;
				CLANG_WARN_DIRECT_OBJC_ISA_USAGE = YES_ERROR;
				CLANG_WARN_EMPTY_BODY = YES;
				CLANG_WARN_ENUM_CONVERSION = YES;
				CLANG_WARN_INT_CONVERSION = YES;
				CLANG_WARN_OBJC_ROOT_CLASS = YES_ERROR;
				CLANG_WARN_UNREACHABLE_CODE = YES;
				CLANG_WARN__DUPLICATE_METHOD_MATCH = YES;
				"CODE_SIGN_IDENTITY[sdk=iphoneos*]" = "iPhone Developer";
				COPY_PHASE_STRIP = NO;
				DEBUG_INFORMATION_FORMAT = "dwarf-with-dsym";
				ENABLE_NS_ASSERTIONS = NO;
				ENABLE_STRICT_OBJC_MSGSEND = YES;
				GCC_C_LANGUAGE_STANDARD = gnu99;
				GCC_NO_COMMON_BLOCKS = YES;
				GCC_WARN_64_TO_32_BIT_CONVERSION = YES;
				GCC_WARN_ABOUT_RETURN_TYPE = YES_ERROR;
				GCC_WARN_UNDECLARED_SELECTOR = YES;
				GCC_WARN_UNINITIALIZED_AUTOS = YES_AGGRESSIVE;
				GCC_WARN_UNUSED_FUNCTION = YES;
				GCC_WARN_UNUSED_VARIABLE = YES;
				IPHONEOS_DEPLOYMENT_TARGET = 9.2;
				MTL_ENABLE_DEBUG_INFO = NO;
				SDKROOT = iphoneos;
				VALIDATE_PRODUCT = YES;
			};
			name = Release;
		};
		A155260D1C64F7E0002E3CE9 /* Debug */ = {
			isa = XCBuildConfiguration;
			buildSettings = {
				ASSETCATALOG_COMPILER_APPICON_NAME = AppIcon;
				INFOPLIST_FILE = InterestsCollectionViewDemo/Info.plist;
				LD_RUNPATH_SEARCH_PATHS = "$(inherited) @executable_path/Frameworks";
				PRODUCT_BUNDLE_IDENTIFIER = com.AppsByPJ.InterestsCollectionViewDemo;
				PRODUCT_NAME = "$(TARGET_NAME)";
			};
			name = Debug;
		};
		A155260E1C64F7E0002E3CE9 /* Release */ = {
			isa = XCBuildConfiguration;
			buildSettings = {
				ASSETCATALOG_COMPILER_APPICON_NAME = AppIcon;
				INFOPLIST_FILE = InterestsCollectionViewDemo/Info.plist;
				LD_RUNPATH_SEARCH_PATHS = "$(inherited) @executable_path/Frameworks";
				PRODUCT_BUNDLE_IDENTIFIER = com.AppsByPJ.InterestsCollectionViewDemo;
				PRODUCT_NAME = "$(TARGET_NAME)";
			};
			name = Release;
		};
/* End XCBuildConfiguration section */

/* Begin XCConfigurationList section */
		A15525F51C64F7E0002E3CE9 /* Build configuration list for PBXProject "InterestsCollectionViewDemo" */ = {
			isa = XCConfigurationList;
			buildConfigurations = (
				A155260A1C64F7E0002E3CE9 /* Debug */,
				A155260B1C64F7E0002E3CE9 /* Release */,
			);
			defaultConfigurationIsVisible = 0;
			defaultConfigurationName = Release;
		};
		A155260C1C64F7E0002E3CE9 /* Build configuration list for PBXNativeTarget "InterestsCollectionViewDemo" */ = {
			isa = XCConfigurationList;
			buildConfigurations = (
				A155260D1C64F7E0002E3CE9 /* Debug */,
				A155260E1C64F7E0002E3CE9 /* Release */,
			);
			defaultConfigurationIsVisible = 0;
		};
/* End XCConfigurationList section */
	};
	rootObject = A15525F21C64F7E0002E3CE9 /* Project object */;
}
